
Microsoft Visual Studio Solution File, Format Version 12.00
# Visual Studio 15
VisualStudioVersion = 15.0.28307.271
MinimumVisualStudioVersion = 10.0.40219.1
Project("{8BC9CEB8-8B4A-11D0-8D11-00A0C91BC942}") = "StandardTemplateLibrary", "StandardTemplateLibrary\StandardTemplateLibrary.vcxproj", "{F045BE87-4DCF-4B84-A8B4-ED2F9A0B59BE}"
EndProject
Project("{8BC9CEB8-8B4A-11D0-8D11-00A0C91BC942}") = "rb_tree", "rb_tree\rb_tree.vcxproj", "{40A87819-AFF6-4D47-8343-81BE92CE95C1}"
EndProject
Project("{8BC9CEB8-8B4A-11D0-8D11-00A0C91BC942}") = "vector", "vector\vector.vcxproj", "{3314FF34-B960-4414-9450-57C3ACDA3073}"
EndProject
Global
	GlobalSection(SolutionConfigurationPlatforms) = preSolution
		Debug|x64 = Debug|x64
		Debug|x86 = Debug|x86
		Release|x64 = Release|x64
		Release|x86 = Release|x86
	EndGlobalSection
	GlobalSection(ProjectConfigurationPlatforms) = postSolution
		{F045BE87-4DCF-4B84-A8B4-ED2F9A0B59BE}.Debug|x64.ActiveCfg = Debug|x64
		{F045BE87-4DCF-4B84-A8B4-ED2F9A0B59BE}.Debug|x64.Build.0 = Debug|x64
		{F045BE87-4DCF-4B84-A8B4-ED2F9A0B59BE}.Debug|x86.ActiveCfg = Debug|Win32
		{F045BE87-4DCF-4B84-A8B4-ED2F9A0B59BE}.Debug|x86.Build.0 = Debug|Win32
		{F045BE87-4DCF-4B84-A8B4-ED2F9A0B59BE}.Release|x64.ActiveCfg = Release|x64
		{F045BE87-4DCF-4B84-A8B4-ED2F9A0B59BE}.Release|x64.Build.0 = Release|x64
		{F045BE87-4DCF-4B84-A8B4-ED2F9A0B59BE}.Release|x86.ActiveCfg = Release|Win32
		{F045BE87-4DCF-4B84-A8B4-ED2F9A0B59BE}.Release|x86.Build.0 = Release|Win32
		{40A87819-AFF6-4D47-8343-81BE92CE95C1}.Debug|x64.ActiveCfg = Debug|x64
		{40A87819-AFF6-4D47-8343-81BE92CE95C1}.Debug|x64.Build.0 = Debug|x64
		{40A87819-AFF6-4D47-8343-81BE92CE95C1}.Debug|x86.ActiveCfg = Debug|Win32
		{40A87819-AFF6-4D47-8343-81BE92CE95C1}.Debug|x86.Build.0 = Debug|Win32
		{40A87819-AFF6-4D47-8343-81BE92CE95C1}.Release|x64.ActiveCfg = Release|x64
		{40A87819-AFF6-4D47-8343-81BE92CE95C1}.Release|x64.Build.0 = Release|x64
		{40A87819-AFF6-4D47-8343-81BE92CE95C1}.Release|x86.ActiveCfg = Release|Win32
		{40A87819-AFF6-4D47-8343-81BE92CE95C1}.Release|x86.Build.0 = Release|Win32
		{3314FF34-B960-4414-9450-57C3ACDA3073}.Debug|x64.ActiveCfg = Debug|x64
		{3314FF34-B960-4414-9450-57C3ACDA3073}.Debug|x64.Build.0 = Debug|x64
		{3314FF34-B960-4414-9450-57C3ACDA3073}.Debug|x86.ActiveCfg = Debug|Win32
		{3314FF34-B960-4414-9450-57C3ACDA3073}.Debug|x86.Build.0 = Debug|Win32
		{3314FF34-B960-4414-9450-57C3ACDA3073}.Release|x64.ActiveCfg = Release|x64
		{3314FF34-B960-4414-9450-57C3ACDA3073}.Release|x64.Build.0 = Release|x64
		{3314FF34-B960-4414-9450-57C3ACDA3073}.Release|x86.ActiveCfg = Release|Win32
		{3314FF34-B960-4414-9450-57C3ACDA3073}.Release|x86.Build.0 = Release|Win32
	EndGlobalSection
	GlobalSection(SolutionProperties) = preSolution
		HideSolutionNode = FALSE
	EndGlobalSection
	GlobalSection(ExtensibilityGlobals) = postSolution
		SolutionGuid = {52A9A715-94D6-4F67-A0D2-D513D051D463}
	EndGlobalSection
EndGlobal
